
Microsoft Visual Studio Solution File, Format Version 12.00
# Visual Studio Version 16
VisualStudioVersion = 16.0.30204.135
MinimumVisualStudioVersion = 10.0.40219.1
Project("{FAE04EC0-301F-11D3-BF4B-00C04F79EFBC}") = "NoteMaker", "NoteMaker.csproj", "{C7763CDB-42A1-4404-8B04-1F244EBA4E5B}"
EndProject
Global
	GlobalSection(SolutionConfigurationPlatforms) = preSolution
		Debug|Any CPU = Debug|Any CPU
		Release|Any CPU = Release|Any CPU
	EndGlobalSection
	GlobalSection(ProjectConfigurationPlatforms) = postSolution
		{C7763CDB-42A1-4404-8B04-1F244EBA4E5B}.Debug|Any CPU.ActiveCfg = Debug|Any CPU
		{C7763CDB-42A1-4404-8B04-1F244EBA4E5B}.Debug|Any CPU.Build.0 = Debug|Any CPU
		{C7763CDB-42A1-4404-8B04-1F244EBA4E5B}.Release|Any CPU.ActiveCfg = Release|Any CPU
		{C7763CDB-42A1-4404-8B04-1F244EBA4E5B}.Release|Any CPU.Build.0 = Release|Any CPU
	EndGlobalSection
	GlobalSection(SolutionProperties) = preSolution
		HideSolutionNode = FALSE
	EndGlobalSection
	GlobalSection(ExtensibilityGlobals) = postSolution
		SolutionGuid = {59243CEB-7E0C-4041-9978-7094358D647B}
	EndGlobalSection
EndGlobal
